
Microsoft Visual Studio Solution File, Format Version 10.00
# Visual Studio 2008
Project("{8BC9CEB8-8B4A-11D0-8D11-00A0C91BC942}") = "Touch", "Touch\Touch.vcproj", "{BD801D86-E784-4E2B-8110-4F5EDDDEA0F4}"
EndProject
Global
	GlobalSection(SolutionConfigurationPlatforms) = preSolution
		Debug|Win32 = Debug|Win32
		Release|Win32 = Release|Win32
	EndGlobalSection
	GlobalSection(ProjectConfigurationPlatforms) = postSolution
		{BD801D86-E784-4E2B-8110-4F5EDDDEA0F4}.Debug|Win32.ActiveCfg = Debug|Win32
		{BD801D86-E784-4E2B-8110-4F5EDDDEA0F4}.Debug|Win32.Build.0 = Debug|Win32
		{BD801D86-E784-4E2B-8110-4F5EDDDEA0F4}.Release|Win32.ActiveCfg = Release|Win32
		{BD801D86-E784-4E2B-8110-4F5EDDDEA0F4}.Release|Win32.Build.0 = Release|Win32
	EndGlobalSection
	GlobalSection(SolutionProperties) = preSolution
		HideSolutionNode = FALSE
	EndGlobalSection
EndGlobal
